
Microsoft Visual Studio Solution File, Format Version 12.00
# Visual Studio Version 17
VisualStudioVersion = 17.9.34616.47
MinimumVisualStudioVersion = 10.0.40219.1
Project("{F184B08F-C81C-45F6-A57F-5ABD9991F28F}") = "WPF maybe a decent vb something", "WPF maybe a decent vb something\WPF maybe a decent vb something.vbproj", "{3746D038-2EE8-4215-8D7B-524B28269748}"
EndProject
Global
	GlobalSection(SolutionConfigurationPlatforms) = preSolution
		Debug|Any CPU = Debug|Any CPU
		Release|Any CPU = Release|Any CPU
	EndGlobalSection
	GlobalSection(ProjectConfigurationPlatforms) = postSolution
		{3746D038-2EE8-4215-8D7B-524B28269748}.Debug|Any CPU.ActiveCfg = Debug|Any CPU
		{3746D038-2EE8-4215-8D7B-524B28269748}.Debug|Any CPU.Build.0 = Debug|Any CPU
		{3746D038-2EE8-4215-8D7B-524B28269748}.Release|Any CPU.ActiveCfg = Release|Any CPU
		{3746D038-2EE8-4215-8D7B-524B28269748}.Release|Any CPU.Build.0 = Release|Any CPU
	EndGlobalSection
	GlobalSection(SolutionProperties) = preSolution
		HideSolutionNode = FALSE
	EndGlobalSection
	GlobalSection(ExtensibilityGlobals) = postSolution
		SolutionGuid = {E8893834-38E2-4F86-B906-C81CEDDCAEAD}
	EndGlobalSection
EndGlobal
